// !$*UTF8*$!
{
	archiveVersion = 1;
	classes = {
	};
	objectVersion = 56;
	objects = {

/* Begin PBXBuildFile section */
		4D6F66B8C6EC5CD28E05F4C5 /* Pods_TaskGit.framework in Frameworks */ = {isa = PBXBuildFile; fileRef = 53C755A942146E70AD73D364 /* Pods_TaskGit.framework */; };
		C61A7A9B2CC029A900CF1A4B /* AppDelegate.swift in Sources */ = {isa = PBXBuildFile; fileRef = C61A7A9A2CC029A900CF1A4B /* AppDelegate.swift */; };
		C61A7A9D2CC029A900CF1A4B /* SceneDelegate.swift in Sources */ = {isa = PBXBuildFile; fileRef = C61A7A9C2CC029A900CF1A4B /* SceneDelegate.swift */; };
		C61A7AA42CC029AB00CF1A4B /* Assets.xcassets in Resources */ = {isa = PBXBuildFile; fileRef = C61A7AA32CC029AB00CF1A4B /* Assets.xcassets */; };
		C61A7AA72CC029AB00CF1A4B /* LaunchScreen.storyboard in Resources */ = {isa = PBXBuildFile; fileRef = C61A7AA52CC029AB00CF1A4B /* LaunchScreen.storyboard */; };
		C61A7AB22CC029AC00CF1A4B /* TaskGitTests.swift in Sources */ = {isa = PBXBuildFile; fileRef = C61A7AB12CC029AC00CF1A4B /* TaskGitTests.swift */; };
		C61A7ABC2CC029AC00CF1A4B /* TaskGitUITests.swift in Sources */ = {isa = PBXBuildFile; fileRef = C61A7ABB2CC029AC00CF1A4B /* TaskGitUITests.swift */; };
		C61A7ABE2CC029AC00CF1A4B /* TaskGitUITestsLaunchTests.swift in Sources */ = {isa = PBXBuildFile; fileRef = C61A7ABD2CC029AC00CF1A4B /* TaskGitUITestsLaunchTests.swift */; };
		C61A7B852CC04E4D00CF1A4B /* AppStartup.swift in Sources */ = {isa = PBXBuildFile; fileRef = C61A7B842CC04E4D00CF1A4B /* AppStartup.swift */; };
		C61A7C0D2CC0D0A600CF1A4B /* RepoListDTO.swift in Sources */ = {isa = PBXBuildFile; fileRef = C61A7B882CC0D0A500CF1A4B /* RepoListDTO.swift */; };
		C61A7C0E2CC0D0A600CF1A4B /* ForkListDTO.swift in Sources */ = {isa = PBXBuildFile; fileRef = C61A7B892CC0D0A500CF1A4B /* ForkListDTO.swift */; };
		C61A7C102CC0D0A600CF1A4B /* RepoListPresenter.swift in Sources */ = {isa = PBXBuildFile; fileRef = C61A7B8F2CC0D0A500CF1A4B /* RepoListPresenter.swift */; };
		C61A7C112CC0D0A600CF1A4B /* RepoListType.swift in Sources */ = {isa = PBXBuildFile; fileRef = C61A7B912CC0D0A500CF1A4B /* RepoListType.swift */; };
		C61A7C122CC0D0A600CF1A4B /* Repository.swift in Sources */ = {isa = PBXBuildFile; fileRef = C61A7B922CC0D0A500CF1A4B /* Repository.swift */; };
		C61A7C132CC0D0A600CF1A4B /* Owner.swift in Sources */ = {isa = PBXBuildFile; fileRef = C61A7B932CC0D0A500CF1A4B /* Owner.swift */; };
		C61A7C142CC0D0A600CF1A4B /* RepoListViewController.swift in Sources */ = {isa = PBXBuildFile; fileRef = C61A7B962CC0D0A500CF1A4B /* RepoListViewController.swift */; };
		C61A7C152CC0D0A600CF1A4B /* RepoListTableViewCell.xib in Resources */ = {isa = PBXBuildFile; fileRef = C61A7B992CC0D0A500CF1A4B /* RepoListTableViewCell.xib */; };
		C61A7C162CC0D0A600CF1A4B /* RepoListTableViewCell.swift in Sources */ = {isa = PBXBuildFile; fileRef = C61A7B9A2CC0D0A500CF1A4B /* RepoListTableViewCell.swift */; };
		C61A7C172CC0D0A600CF1A4B /* RepoListViperProtocols.swift in Sources */ = {isa = PBXBuildFile; fileRef = C61A7B9C2CC0D0A500CF1A4B /* RepoListViperProtocols.swift */; };
		C61A7C182CC0D0A600CF1A4B /* RepoListInteractor.swift in Sources */ = {isa = PBXBuildFile; fileRef = C61A7B9E2CC0D0A500CF1A4B /* RepoListInteractor.swift */; };
		C61A7C192CC0D0A600CF1A4B /* RepoListBuilder.swift in Sources */ = {isa = PBXBuildFile; fileRef = C61A7BA02CC0D0A500CF1A4B /* RepoListBuilder.swift */; };
		C61A7C1A2CC0D0A600CF1A4B /* RepoListRouter.swift in Sources */ = {isa = PBXBuildFile; fileRef = C61A7BA22CC0D0A500CF1A4B /* RepoListRouter.swift */; };
		C61A7C1B2CC0D0A600CF1A4B /* ForkListPresenter.swift in Sources */ = {isa = PBXBuildFile; fileRef = C61A7BA62CC0D0A500CF1A4B /* ForkListPresenter.swift */; };
		C61A7C1C2CC0D0A600CF1A4B /* ForkListProtocol.swift in Sources */ = {isa = PBXBuildFile; fileRef = C61A7BA82CC0D0A500CF1A4B /* ForkListProtocol.swift */; };
		C61A7C1D2CC0D0A600CF1A4B /* ForkListViewController.swift in Sources */ = {isa = PBXBuildFile; fileRef = C61A7BAB2CC0D0A500CF1A4B /* ForkListViewController.swift */; };
		C61A7C1E2CC0D0A600CF1A4B /* ForkListTableViewCell.swift in Sources */ = {isa = PBXBuildFile; fileRef = C61A7BAD2CC0D0A500CF1A4B /* ForkListTableViewCell.swift */; };
		C61A7C1F2CC0D0A600CF1A4B /* ForkListTableViewCell.xib in Resources */ = {isa = PBXBuildFile; fileRef = C61A7BAE2CC0D0A500CF1A4B /* ForkListTableViewCell.xib */; };
		C61A7C202CC0D0A600CF1A4B /* ForkListInteractor.swift in Sources */ = {isa = PBXBuildFile; fileRef = C61A7BB02CC0D0A500CF1A4B /* ForkListInteractor.swift */; };
		C61A7C212CC0D0A600CF1A4B /* ForksListBuilder.swift in Sources */ = {isa = PBXBuildFile; fileRef = C61A7BB22CC0D0A500CF1A4B /* ForksListBuilder.swift */; };
		C61A7C222CC0D0A600CF1A4B /* ForkListRouter.swift in Sources */ = {isa = PBXBuildFile; fileRef = C61A7BB42CC0D0A500CF1A4B /* ForkListRouter.swift */; };
		C61A7C232CC0D0A600CF1A4B /* Main.storyboard in Resources */ = {isa = PBXBuildFile; fileRef = C61A7BB52CC0D0A500CF1A4B /* Main.storyboard */; };
		C61A7C242CC0D0A600CF1A4B /* ServicesResult.swift in Sources */ = {isa = PBXBuildFile; fileRef = C61A7BB82CC0D0A500CF1A4B /* ServicesResult.swift */; };
		C61A7C272CC0D0A600CF1A4B /* ForkListServices.swift in Sources */ = {isa = PBXBuildFile; fileRef = C61A7BC02CC0D0A500CF1A4B /* ForkListServices.swift */; };
		C61A7C282CC0D0A600CF1A4B /* ForkListServicesImp.swift in Sources */ = {isa = PBXBuildFile; fileRef = C61A7BC22CC0D0A500CF1A4B /* ForkListServicesImp.swift */; };
		C61A7C292CC0D0A600CF1A4B /* RepoListServices.swift in Sources */ = {isa = PBXBuildFile; fileRef = C61A7BC52CC0D0A500CF1A4B /* RepoListServices.swift */; };
		C61A7C2A2CC0D0A600CF1A4B /* RepoListServiceImp.swift in Sources */ = {isa = PBXBuildFile; fileRef = C61A7BC72CC0D0A500CF1A4B /* RepoListServiceImp.swift */; };
		C61A7C2B2CC0D0A600CF1A4B /* ShowMoreTableViewCell.xib in Resources */ = {isa = PBXBuildFile; fileRef = C61A7BCB2CC0D0A500CF1A4B /* ShowMoreTableViewCell.xib */; };
		C61A7C2C2CC0D0A600CF1A4B /* ShowMoreTableViewCell.swift in Sources */ = {isa = PBXBuildFile; fileRef = C61A7BCC2CC0D0A500CF1A4B /* ShowMoreTableViewCell.swift */; };
		C61A7C2D2CC0D0A600CF1A4B /* SearchView.swift in Sources */ = {isa = PBXBuildFile; fileRef = C61A7BCE2CC0D0A500CF1A4B /* SearchView.swift */; };
		C61A7C2E2CC0D0A600CF1A4B /* SearchView.xib in Resources */ = {isa = PBXBuildFile; fileRef = C61A7BCF2CC0D0A500CF1A4B /* SearchView.xib */; };
		C61A7C2F2CC0D0A600CF1A4B /* NothingFoundView.xib in Resources */ = {isa = PBXBuildFile; fileRef = C61A7BD12CC0D0A500CF1A4B /* NothingFoundView.xib */; };
		C61A7C302CC0D0A600CF1A4B /* NothingFoundView.swift in Sources */ = {isa = PBXBuildFile; fileRef = C61A7BD22CC0D0A500CF1A4B /* NothingFoundView.swift */; };
		C61A7C332CC0D0A600CF1A4B /* RepoListSearchEndpointProvider.swift in Sources */ = {isa = PBXBuildFile; fileRef = C61A7BDC2CC0D0A600CF1A4B /* RepoListSearchEndpointProvider.swift */; };
		C61A7C342CC0D0A600CF1A4B /* RepoListUserEndProvider.swift in Sources */ = {isa = PBXBuildFile; fileRef = C61A7BDD2CC0D0A600CF1A4B /* RepoListUserEndProvider.swift */; };
		C61A7C352CC0D0A600CF1A4B /* RepoListResponse.swift in Sources */ = {isa = PBXBuildFile; fileRef = C61A7BDF2CC0D0A600CF1A4B /* RepoListResponse.swift */; };
		C61A7C362CC0D0A600CF1A4B /* RepoListUserRequest.swift in Sources */ = {isa = PBXBuildFile; fileRef = C61A7BE12CC0D0A600CF1A4B /* RepoListUserRequest.swift */; };
		C61A7C372CC0D0A600CF1A4B /* RepoListSearchRequest.swift in Sources */ = {isa = PBXBuildFile; fileRef = C61A7BE22CC0D0A600CF1A4B /* RepoListSearchRequest.swift */; };
		C61A7C382CC0D0A600CF1A4B /* ForkListEndpointProvider.swift in Sources */ = {isa = PBXBuildFile; fileRef = C61A7BE52CC0D0A600CF1A4B /* ForkListEndpointProvider.swift */; };
		C61A7C392CC0D0A600CF1A4B /* ForkListResponse.swift in Sources */ = {isa = PBXBuildFile; fileRef = C61A7BE72CC0D0A600CF1A4B /* ForkListResponse.swift */; };
		C61A7C3A2CC0D0A600CF1A4B /* ForkListRequest.swift in Sources */ = {isa = PBXBuildFile; fileRef = C61A7BE92CC0D0A600CF1A4B /* ForkListRequest.swift */; };
		C61A7C3B2CC0D0A600CF1A4B /* EndpointProvider.swift in Sources */ = {isa = PBXBuildFile; fileRef = C61A7BEB2CC0D0A600CF1A4B /* EndpointProvider.swift */; };
		C61A7C3C2CC0D0A600CF1A4B /* EmptyDTO.swift in Sources */ = {isa = PBXBuildFile; fileRef = C61A7BEC2CC0D0A600CF1A4B /* EmptyDTO.swift */; };
		C61A7C3D2CC0D0A600CF1A4B /* NetworkManager.swift in Sources */ = {isa = PBXBuildFile; fileRef = C61A7BED2CC0D0A600CF1A4B /* NetworkManager.swift */; };
		C61A7C3E2CC0D0A600CF1A4B /* DTO.swift in Sources */ = {isa = PBXBuildFile; fileRef = C61A7BEE2CC0D0A600CF1A4B /* DTO.swift */; };
		C61A7C3F2CC0D0A600CF1A4B /* BaseURL.swift in Sources */ = {isa = PBXBuildFile; fileRef = C61A7BF02CC0D0A600CF1A4B /* BaseURL.swift */; };
		C61A7C402CC0D0A600CF1A4B /* Result.swift in Sources */ = {isa = PBXBuildFile; fileRef = C61A7BF12CC0D0A600CF1A4B /* Result.swift */; };
		C61A7C412CC0D0A600CF1A4B /* HTTPMethods.swift in Sources */ = {isa = PBXBuildFile; fileRef = C61A7BF22CC0D0A600CF1A4B /* HTTPMethods.swift */; };
		C61A7C422CC0D0A600CF1A4B /* NetworkResult.swift in Sources */ = {isa = PBXBuildFile; fileRef = C61A7BF32CC0D0A600CF1A4B /* NetworkResult.swift */; };
		C61A7C432CC0D0A600CF1A4B /* API.swift in Sources */ = {isa = PBXBuildFile; fileRef = C61A7BF42CC0D0A600CF1A4B /* API.swift */; };
		C61A7C442CC0D0A600CF1A4B /* NetworkError.swift in Sources */ = {isa = PBXBuildFile; fileRef = C61A7BF52CC0D0A600CF1A4B /* NetworkError.swift */; };
		C61A7C452CC0D0A600CF1A4B /* RequestError.swift in Sources */ = {isa = PBXBuildFile; fileRef = C61A7BF62CC0D0A600CF1A4B /* RequestError.swift */; };
		C61A7C462CC0D0A600CF1A4B /* Endpoint.swift in Sources */ = {isa = PBXBuildFile; fileRef = C61A7BF72CC0D0A600CF1A4B /* Endpoint.swift */; };
		C61A7C472CC0D0A600CF1A4B /* BaseURL+RepositoryFinder.swift in Sources */ = {isa = PBXBuildFile; fileRef = C61A7BF92CC0D0A600CF1A4B /* BaseURL+RepositoryFinder.swift */; };
		C61A7C482CC0D0A600CF1A4B /* API+RepositoryFinder.swift in Sources */ = {isa = PBXBuildFile; fileRef = C61A7BFA2CC0D0A600CF1A4B /* API+RepositoryFinder.swift */; };
		C61A7C492CC0D0A600CF1A4B /* AlamofireManager.swift in Sources */ = {isa = PBXBuildFile; fileRef = C61A7BFC2CC0D0A600CF1A4B /* AlamofireManager.swift */; };
		C61A7C4A2CC0D0A600CF1A4B /* Int+Extensions.swift in Sources */ = {isa = PBXBuildFile; fileRef = C61A7BFE2CC0D0A600CF1A4B /* Int+Extensions.swift */; };
		C61A7C4B2CC0D0A600CF1A4B /* UIImageView+Extensions.swift in Sources */ = {isa = PBXBuildFile; fileRef = C61A7BFF2CC0D0A600CF1A4B /* UIImageView+Extensions.swift */; };
		C61A7C4C2CC0D0A600CF1A4B /* UIViewController+Extensions.swift in Sources */ = {isa = PBXBuildFile; fileRef = C61A7C002CC0D0A600CF1A4B /* UIViewController+Extensions.swift */; };
		C61A7C4D2CC0D0A600CF1A4B /* UIView+Extensions.swift in Sources */ = {isa = PBXBuildFile; fileRef = C61A7C012CC0D0A600CF1A4B /* UIView+Extensions.swift */; };
		C61A7C4E2CC0D0A600CF1A4B /* String+Extensions.swift in Sources */ = {isa = PBXBuildFile; fileRef = C61A7C022CC0D0A600CF1A4B /* String+Extensions.swift */; };
		C61A7C4F2CC0D0A600CF1A4B /* UINavigationViewController+Extensions.swift in Sources */ = {isa = PBXBuildFile; fileRef = C61A7C032CC0D0A600CF1A4B /* UINavigationViewController+Extensions.swift */; };
		C61A7C502CC0D0A600CF1A4B /* UIColor+Extensions.swift in Sources */ = {isa = PBXBuildFile; fileRef = C61A7C042CC0D0A600CF1A4B /* UIColor+Extensions.swift */; };
		C61A7C512CC0D0A600CF1A4B /* Encodable+Extensions.swift in Sources */ = {isa = PBXBuildFile; fileRef = C61A7C052CC0D0A600CF1A4B /* Encodable+Extensions.swift */; };
		C61A7C522CC0D0A600CF1A4B /* UITableView+Extensions.swift in Sources */ = {isa = PBXBuildFile; fileRef = C61A7C062CC0D0A600CF1A4B /* UITableView+Extensions.swift */; };
		C61A7C532CC0D0A600CF1A4B /* Storyboard+Extensions.swift in Sources */ = {isa = PBXBuildFile; fileRef = C61A7C072CC0D0A600CF1A4B /* Storyboard+Extensions.swift */; };
		C61A7C542CC0D0A600CF1A4B /* Double+Extensions.swift in Sources */ = {isa = PBXBuildFile; fileRef = C61A7C082CC0D0A600CF1A4B /* Double+Extensions.swift */; };
		C61A7C552CC0D0A600CF1A4B /* UITextField+Extensions.swift in Sources */ = {isa = PBXBuildFile; fileRef = C61A7C092CC0D0A600CF1A4B /* UITextField+Extensions.swift */; };
		C61A7C562CC0D0A600CF1A4B /* Constants.swift in Sources */ = {isa = PBXBuildFile; fileRef = C61A7C0B2CC0D0A600CF1A4B /* Constants.swift */; };
		C61A7C572CC0D0A600CF1A4B /* Utils.swift in Sources */ = {isa = PBXBuildFile; fileRef = C61A7C0C2CC0D0A600CF1A4B /* Utils.swift */; };
/* End PBXBuildFile section */

/* Begin PBXContainerItemProxy section */
		C61A7AAE2CC029AC00CF1A4B /* PBXContainerItemProxy */ = {
			isa = PBXContainerItemProxy;
			containerPortal = C61A7A8F2CC029A800CF1A4B /* Project object */;
			proxyType = 1;
			remoteGlobalIDString = C61A7A962CC029A900CF1A4B;
			remoteInfo = TaskGit;
		};
		C61A7AB82CC029AC00CF1A4B /* PBXContainerItemProxy */ = {
			isa = PBXContainerItemProxy;
			containerPortal = C61A7A8F2CC029A800CF1A4B /* Project object */;
			proxyType = 1;
			remoteGlobalIDString = C61A7A962CC029A900CF1A4B;
			remoteInfo = TaskGit;
		};
/* End PBXContainerItemProxy section */

/* Begin PBXFileReference section */
		1D246868CDD00C348F2E15B7 /* Pods-TaskGit.release.xcconfig */ = {isa = PBXFileReference; includeInIndex = 1; lastKnownFileType = text.xcconfig; name = "Pods-TaskGit.release.xcconfig"; path = "Target Support Files/Pods-TaskGit/Pods-TaskGit.release.xcconfig"; sourceTree = "<group>"; };
		53C755A942146E70AD73D364 /* Pods_TaskGit.framework */ = {isa = PBXFileReference; explicitFileType = wrapper.framework; includeInIndex = 0; path = Pods_TaskGit.framework; sourceTree = BUILT_PRODUCTS_DIR; };
		9B3B758479BC3CC7C9DAADBD /* Pods-TaskGit.debug.xcconfig */ = {isa = PBXFileReference; includeInIndex = 1; lastKnownFileType = text.xcconfig; name = "Pods-TaskGit.debug.xcconfig"; path = "Target Support Files/Pods-TaskGit/Pods-TaskGit.debug.xcconfig"; sourceTree = "<group>"; };
		C61A7A972CC029A900CF1A4B /* TaskGit.app */ = {isa = PBXFileReference; explicitFileType = wrapper.application; includeInIndex = 0; path = TaskGit.app; sourceTree = BUILT_PRODUCTS_DIR; };
		C61A7A9A2CC029A900CF1A4B /* AppDelegate.swift */ = {isa = PBXFileReference; lastKnownFileType = sourcecode.swift; path = AppDelegate.swift; sourceTree = "<group>"; };
		C61A7A9C2CC029A900CF1A4B /* SceneDelegate.swift */ = {isa = PBXFileReference; lastKnownFileType = sourcecode.swift; path = SceneDelegate.swift; sourceTree = "<group>"; };
		C61A7AA32CC029AB00CF1A4B /* Assets.xcassets */ = {isa = PBXFileReference; lastKnownFileType = folder.assetcatalog; path = Assets.xcassets; sourceTree = "<group>"; };
		C61A7AA62CC029AB00CF1A4B /* Base */ = {isa = PBXFileReference; lastKnownFileType = file.storyboard; name = Base; path = Base.lproj/LaunchScreen.storyboard; sourceTree = "<group>"; };
		C61A7AA82CC029AB00CF1A4B /* Info.plist */ = {isa = PBXFileReference; lastKnownFileType = text.plist.xml; path = Info.plist; sourceTree = "<group>"; };
		C61A7AAD2CC029AC00CF1A4B /* TaskGitTests.xctest */ = {isa = PBXFileReference; explicitFileType = wrapper.cfbundle; includeInIndex = 0; path = TaskGitTests.xctest; sourceTree = BUILT_PRODUCTS_DIR; };
		C61A7AB12CC029AC00CF1A4B /* TaskGitTests.swift */ = {isa = PBXFileReference; lastKnownFileType = sourcecode.swift; path = TaskGitTests.swift; sourceTree = "<group>"; };
		C61A7AB72CC029AC00CF1A4B /* TaskGitUITests.xctest */ = {isa = PBXFileReference; explicitFileType = wrapper.cfbundle; includeInIndex = 0; path = TaskGitUITests.xctest; sourceTree = BUILT_PRODUCTS_DIR; };
		C61A7ABB2CC029AC00CF1A4B /* TaskGitUITests.swift */ = {isa = PBXFileReference; lastKnownFileType = sourcecode.swift; path = TaskGitUITests.swift; sourceTree = "<group>"; };
		C61A7ABD2CC029AC00CF1A4B /* TaskGitUITestsLaunchTests.swift */ = {isa = PBXFileReference; lastKnownFileType = sourcecode.swift; path = TaskGitUITestsLaunchTests.swift; sourceTree = "<group>"; };
		C61A7B842CC04E4D00CF1A4B /* AppStartup.swift */ = {isa = PBXFileReference; fileEncoding = 4; lastKnownFileType = sourcecode.swift; path = AppStartup.swift; sourceTree = "<group>"; };
		C61A7B882CC0D0A500CF1A4B /* RepoListDTO.swift */ = {isa = PBXFileReference; fileEncoding = 4; lastKnownFileType = sourcecode.swift; path = RepoListDTO.swift; sourceTree = "<group>"; };
		C61A7B892CC0D0A500CF1A4B /* ForkListDTO.swift */ = {isa = PBXFileReference; fileEncoding = 4; lastKnownFileType = sourcecode.swift; path = ForkListDTO.swift; sourceTree = "<group>"; };
		C61A7B8F2CC0D0A500CF1A4B /* RepoListPresenter.swift */ = {isa = PBXFileReference; fileEncoding = 4; lastKnownFileType = sourcecode.swift; path = RepoListPresenter.swift; sourceTree = "<group>"; };
		C61A7B912CC0D0A500CF1A4B /* RepoListType.swift */ = {isa = PBXFileReference; fileEncoding = 4; lastKnownFileType = sourcecode.swift; path = RepoListType.swift; sourceTree = "<group>"; };
		C61A7B922CC0D0A500CF1A4B /* Repository.swift */ = {isa = PBXFileReference; fileEncoding = 4; lastKnownFileType = sourcecode.swift; path = Repository.swift; sourceTree = "<group>"; };
		C61A7B932CC0D0A500CF1A4B /* Owner.swift */ = {isa = PBXFileReference; fileEncoding = 4; lastKnownFileType = sourcecode.swift; path = Owner.swift; sourceTree = "<group>"; };
		C61A7B962CC0D0A500CF1A4B /* RepoListViewController.swift */ = {isa = PBXFileReference; fileEncoding = 4; lastKnownFileType = sourcecode.swift; path = RepoListViewController.swift; sourceTree = "<group>"; };
		C61A7B992CC0D0A500CF1A4B /* RepoListTableViewCell.xib */ = {isa = PBXFileReference; fileEncoding = 4; lastKnownFileType = file.xib; path = RepoListTableViewCell.xib; sourceTree = "<group>"; };
		C61A7B9A2CC0D0A500CF1A4B /* RepoListTableViewCell.swift */ = {isa = PBXFileReference; fileEncoding = 4; lastKnownFileType = sourcecode.swift; path = RepoListTableViewCell.swift; sourceTree = "<group>"; };
		C61A7B9C2CC0D0A500CF1A4B /* RepoListViperProtocols.swift */ = {isa = PBXFileReference; fileEncoding = 4; lastKnownFileType = sourcecode.swift; path = RepoListViperProtocols.swift; sourceTree = "<group>"; };
		C61A7B9E2CC0D0A500CF1A4B /* RepoListInteractor.swift */ = {isa = PBXFileReference; fileEncoding = 4; lastKnownFileType = sourcecode.swift; path = RepoListInteractor.swift; sourceTree = "<group>"; };
		C61A7BA02CC0D0A500CF1A4B /* RepoListBuilder.swift */ = {isa = PBXFileReference; fileEncoding = 4; lastKnownFileType = sourcecode.swift; path = RepoListBuilder.swift; sourceTree = "<group>"; };
		C61A7BA22CC0D0A500CF1A4B /* RepoListRouter.swift */ = {isa = PBXFileReference; fileEncoding = 4; lastKnownFileType = sourcecode.swift; path = RepoListRouter.swift; sourceTree = "<group>"; };
		C61A7BA62CC0D0A500CF1A4B /* ForkListPresenter.swift */ = {isa = PBXFileReference; fileEncoding = 4; lastKnownFileType = sourcecode.swift; path = ForkListPresenter.swift; sourceTree = "<group>"; };
		C61A7BA82CC0D0A500CF1A4B /* ForkListProtocol.swift */ = {isa = PBXFileReference; fileEncoding = 4; lastKnownFileType = sourcecode.swift; path = ForkListProtocol.swift; sourceTree = "<group>"; };
		C61A7BAB2CC0D0A500CF1A4B /* ForkListViewController.swift */ = {isa = PBXFileReference; fileEncoding = 4; lastKnownFileType = sourcecode.swift; path = ForkListViewController.swift; sourceTree = "<group>"; };
		C61A7BAD2CC0D0A500CF1A4B /* ForkListTableViewCell.swift */ = {isa = PBXFileReference; fileEncoding = 4; lastKnownFileType = sourcecode.swift; path = ForkListTableViewCell.swift; sourceTree = "<group>"; };
		C61A7BAE2CC0D0A500CF1A4B /* ForkListTableViewCell.xib */ = {isa = PBXFileReference; fileEncoding = 4; lastKnownFileType = file.xib; path = ForkListTableViewCell.xib; sourceTree = "<group>"; };
		C61A7BB02CC0D0A500CF1A4B /* ForkListInteractor.swift */ = {isa = PBXFileReference; fileEncoding = 4; lastKnownFileType = sourcecode.swift; path = ForkListInteractor.swift; sourceTree = "<group>"; };
		C61A7BB22CC0D0A500CF1A4B /* ForksListBuilder.swift */ = {isa = PBXFileReference; fileEncoding = 4; lastKnownFileType = sourcecode.swift; path = ForksListBuilder.swift; sourceTree = "<group>"; };
		C61A7BB42CC0D0A500CF1A4B /* ForkListRouter.swift */ = {isa = PBXFileReference; fileEncoding = 4; lastKnownFileType = sourcecode.swift; path = ForkListRouter.swift; sourceTree = "<group>"; };
		C61A7BB62CC0D0A500CF1A4B /* Base */ = {isa = PBXFileReference; lastKnownFileType = file.storyboard; name = Base; path = Base.lproj/Main.storyboard; sourceTree = "<group>"; };
		C61A7BB82CC0D0A500CF1A4B /* ServicesResult.swift */ = {isa = PBXFileReference; fileEncoding = 4; lastKnownFileType = sourcecode.swift; path = ServicesResult.swift; sourceTree = "<group>"; };
		C61A7BC02CC0D0A500CF1A4B /* ForkListServices.swift */ = {isa = PBXFileReference; fileEncoding = 4; lastKnownFileType = sourcecode.swift; path = ForkListServices.swift; sourceTree = "<group>"; };
		C61A7BC22CC0D0A500CF1A4B /* ForkListServicesImp.swift */ = {isa = PBXFileReference; fileEncoding = 4; lastKnownFileType = sourcecode.swift; path = ForkListServicesImp.swift; sourceTree = "<group>"; };
		C61A7BC52CC0D0A500CF1A4B /* RepoListServices.swift */ = {isa = PBXFileReference; fileEncoding = 4; lastKnownFileType = sourcecode.swift; path = RepoListServices.swift; sourceTree = "<group>"; };
		C61A7BC72CC0D0A500CF1A4B /* RepoListServiceImp.swift */ = {isa = PBXFileReference; fileEncoding = 4; lastKnownFileType = sourcecode.swift; path = RepoListServiceImp.swift; sourceTree = "<group>"; };
		C61A7BCB2CC0D0A500CF1A4B /* ShowMoreTableViewCell.xib */ = {isa = PBXFileReference; fileEncoding = 4; lastKnownFileType = file.xib; path = ShowMoreTableViewCell.xib; sourceTree = "<group>"; };
		C61A7BCC2CC0D0A500CF1A4B /* ShowMoreTableViewCell.swift */ = {isa = PBXFileReference; fileEncoding = 4; lastKnownFileType = sourcecode.swift; path = ShowMoreTableViewCell.swift; sourceTree = "<group>"; };
		C61A7BCE2CC0D0A500CF1A4B /* SearchView.swift */ = {isa = PBXFileReference; fileEncoding = 4; lastKnownFileType = sourcecode.swift; path = SearchView.swift; sourceTree = "<group>"; };
		C61A7BCF2CC0D0A500CF1A4B /* SearchView.xib */ = {isa = PBXFileReference; fileEncoding = 4; lastKnownFileType = file.xib; path = SearchView.xib; sourceTree = "<group>"; };
		C61A7BD12CC0D0A500CF1A4B /* NothingFoundView.xib */ = {isa = PBXFileReference; fileEncoding = 4; lastKnownFileType = file.xib; path = NothingFoundView.xib; sourceTree = "<group>"; };
		C61A7BD22CC0D0A500CF1A4B /* NothingFoundView.swift */ = {isa = PBXFileReference; fileEncoding = 4; lastKnownFileType = sourcecode.swift; path = NothingFoundView.swift; sourceTree = "<group>"; };
		C61A7BDC2CC0D0A600CF1A4B /* RepoListSearchEndpointProvider.swift */ = {isa = PBXFileReference; fileEncoding = 4; lastKnownFileType = sourcecode.swift; path = RepoListSearchEndpointProvider.swift; sourceTree = "<group>"; };
		C61A7BDD2CC0D0A600CF1A4B /* RepoListUserEndProvider.swift */ = {isa = PBXFileReference; fileEncoding = 4; lastKnownFileType = sourcecode.swift; path = RepoListUserEndProvider.swift; sourceTree = "<group>"; };
		C61A7BDF2CC0D0A600CF1A4B /* RepoListResponse.swift */ = {isa = PBXFileReference; fileEncoding = 4; lastKnownFileType = sourcecode.swift; path = RepoListResponse.swift; sourceTree = "<group>"; };
		C61A7BE12CC0D0A600CF1A4B /* RepoListUserRequest.swift */ = {isa = PBXFileReference; fileEncoding = 4; lastKnownFileType = sourcecode.swift; path = RepoListUserRequest.swift; sourceTree = "<group>"; };
		C61A7BE22CC0D0A600CF1A4B /* RepoListSearchRequest.swift */ = {isa = PBXFileReference; fileEncoding = 4; lastKnownFileType = sourcecode.swift; path = RepoListSearchRequest.swift; sourceTree = "<group>"; };
		C61A7BE52CC0D0A600CF1A4B /* ForkListEndpointProvider.swift */ = {isa = PBXFileReference; fileEncoding = 4; lastKnownFileType = sourcecode.swift; path = ForkListEndpointProvider.swift; sourceTree = "<group>"; };
		C61A7BE72CC0D0A600CF1A4B /* ForkListResponse.swift */ = {isa = PBXFileReference; fileEncoding = 4; lastKnownFileType = sourcecode.swift; path = ForkListResponse.swift; sourceTree = "<group>"; };
		C61A7BE92CC0D0A600CF1A4B /* ForkListRequest.swift */ = {isa = PBXFileReference; fileEncoding = 4; lastKnownFileType = sourcecode.swift; path = ForkListRequest.swift; sourceTree = "<group>"; };
		C61A7BEB2CC0D0A600CF1A4B /* EndpointProvider.swift */ = {isa = PBXFileReference; fileEncoding = 4; lastKnownFileType = sourcecode.swift; path = EndpointProvider.swift; sourceTree = "<group>"; };
		C61A7BEC2CC0D0A600CF1A4B /* EmptyDTO.swift */ = {isa = PBXFileReference; fileEncoding = 4; lastKnownFileType = sourcecode.swift; path = EmptyDTO.swift; sourceTree = "<group>"; };
		C61A7BED2CC0D0A600CF1A4B /* NetworkManager.swift */ = {isa = PBXFileReference; fileEncoding = 4; lastKnownFileType = sourcecode.swift; path = NetworkManager.swift; sourceTree = "<group>"; };
		C61A7BEE2CC0D0A600CF1A4B /* DTO.swift */ = {isa = PBXFileReference; fileEncoding = 4; lastKnownFileType = sourcecode.swift; path = DTO.swift; sourceTree = "<group>"; };
		C61A7BF02CC0D0A600CF1A4B /* BaseURL.swift */ = {isa = PBXFileReference; fileEncoding = 4; lastKnownFileType = sourcecode.swift; path = BaseURL.swift; sourceTree = "<group>"; };
		C61A7BF12CC0D0A600CF1A4B /* Result.swift */ = {isa = PBXFileReference; fileEncoding = 4; lastKnownFileType = sourcecode.swift; path = Result.swift; sourceTree = "<group>"; };
		C61A7BF22CC0D0A600CF1A4B /* HTTPMethods.swift */ = {isa = PBXFileReference; fileEncoding = 4; lastKnownFileType = sourcecode.swift; path = HTTPMethods.swift; sourceTree = "<group>"; };
		C61A7BF32CC0D0A600CF1A4B /* NetworkResult.swift */ = {isa = PBXFileReference; fileEncoding = 4; lastKnownFileType = sourcecode.swift; path = NetworkResult.swift; sourceTree = "<group>"; };
		C61A7BF42CC0D0A600CF1A4B /* API.swift */ = {isa = PBXFileReference; fileEncoding = 4; lastKnownFileType = sourcecode.swift; path = API.swift; sourceTree = "<group>"; };
		C61A7BF52CC0D0A600CF1A4B /* NetworkError.swift */ = {isa = PBXFileReference; fileEncoding = 4; lastKnownFileType = sourcecode.swift; path = NetworkError.swift; sourceTree = "<group>"; };
		C61A7BF62CC0D0A600CF1A4B /* RequestError.swift */ = {isa = PBXFileReference; fileEncoding = 4; lastKnownFileType = sourcecode.swift; path = RequestError.swift; sourceTree = "<group>"; };
		C61A7BF72CC0D0A600CF1A4B /* Endpoint.swift */ = {isa = PBXFileReference; fileEncoding = 4; lastKnownFileType = sourcecode.swift; path = Endpoint.swift; sourceTree = "<group>"; };
		C61A7BF92CC0D0A600CF1A4B /* BaseURL+RepositoryFinder.swift */ = {isa = PBXFileReference; fileEncoding = 4; lastKnownFileType = sourcecode.swift; path = "BaseURL+RepositoryFinder.swift"; sourceTree = "<group>"; };
		C61A7BFA2CC0D0A600CF1A4B /* API+RepositoryFinder.swift */ = {isa = PBXFileReference; fileEncoding = 4; lastKnownFileType = sourcecode.swift; path = "API+RepositoryFinder.swift"; sourceTree = "<group>"; };
		C61A7BFC2CC0D0A600CF1A4B /* AlamofireManager.swift */ = {isa = PBXFileReference; fileEncoding = 4; lastKnownFileType = sourcecode.swift; path = AlamofireManager.swift; sourceTree = "<group>"; };
		C61A7BFE2CC0D0A600CF1A4B /* Int+Extensions.swift */ = {isa = PBXFileReference; fileEncoding = 4; lastKnownFileType = sourcecode.swift; path = "Int+Extensions.swift"; sourceTree = "<group>"; };
		C61A7BFF2CC0D0A600CF1A4B /* UIImageView+Extensions.swift */ = {isa = PBXFileReference; fileEncoding = 4; lastKnownFileType = sourcecode.swift; path = "UIImageView+Extensions.swift"; sourceTree = "<group>"; };
		C61A7C002CC0D0A600CF1A4B /* UIViewController+Extensions.swift */ = {isa = PBXFileReference; fileEncoding = 4; lastKnownFileType = sourcecode.swift; path = "UIViewController+Extensions.swift"; sourceTree = "<group>"; };
		C61A7C012CC0D0A600CF1A4B /* UIView+Extensions.swift */ = {isa = PBXFileReference; fileEncoding = 4; lastKnownFileType = sourcecode.swift; path = "UIView+Extensions.swift"; sourceTree = "<group>"; };
		C61A7C022CC0D0A600CF1A4B /* String+Extensions.swift */ = {isa = PBXFileReference; fileEncoding = 4; lastKnownFileType = sourcecode.swift; path = "String+Extensions.swift"; sourceTree = "<group>"; };
		C61A7C032CC0D0A600CF1A4B /* UINavigationViewController+Extensions.swift */ = {isa = PBXFileReference; fileEncoding = 4; lastKnownFileType = sourcecode.swift; path = "UINavigationViewController+Extensions.swift"; sourceTree = "<group>"; };
		C61A7C042CC0D0A600CF1A4B /* UIColor+Extensions.swift */ = {isa = PBXFileReference; fileEncoding = 4; lastKnownFileType = sourcecode.swift; path = "UIColor+Extensions.swift"; sourceTree = "<group>"; };
		C61A7C052CC0D0A600CF1A4B /* Encodable+Extensions.swift */ = {isa = PBXFileReference; fileEncoding = 4; lastKnownFileType = sourcecode.swift; path = "Encodable+Extensions.swift"; sourceTree = "<group>"; };
		C61A7C062CC0D0A600CF1A4B /* UITableView+Extensions.swift */ = {isa = PBXFileReference; fileEncoding = 4; lastKnownFileType = sourcecode.swift; path = "UITableView+Extensions.swift"; sourceTree = "<group>"; };
		C61A7C072CC0D0A600CF1A4B /* Storyboard+Extensions.swift */ = {isa = PBXFileReference; fileEncoding = 4; lastKnownFileType = sourcecode.swift; path = "Storyboard+Extensions.swift"; sourceTree = "<group>"; };
		C61A7C082CC0D0A600CF1A4B /* Double+Extensions.swift */ = {isa = PBXFileReference; fileEncoding = 4; lastKnownFileType = sourcecode.swift; path = "Double+Extensions.swift"; sourceTree = "<group>"; };
		C61A7C092CC0D0A600CF1A4B /* UITextField+Extensions.swift */ = {isa = PBXFileReference; fileEncoding = 4; lastKnownFileType = sourcecode.swift; path = "UITextField+Extensions.swift"; sourceTree = "<group>"; };
		C61A7C0B2CC0D0A600CF1A4B /* Constants.swift */ = {isa = PBXFileReference; fileEncoding = 4; lastKnownFileType = sourcecode.swift; path = Constants.swift; sourceTree = "<group>"; };
		C61A7C0C2CC0D0A600CF1A4B /* Utils.swift */ = {isa = PBXFileReference; fileEncoding = 4; lastKnownFileType = sourcecode.swift; path = Utils.swift; sourceTree = "<group>"; };
/* End PBXFileReference section */

/* Begin PBXFrameworksBuildPhase section */
		C61A7A942CC029A900CF1A4B /* Frameworks */ = {
			isa = PBXFrameworksBuildPhase;
			buildActionMask = 2147483647;
			files = (
				4D6F66B8C6EC5CD28E05F4C5 /* Pods_TaskGit.framework in Frameworks */,
			);
			runOnlyForDeploymentPostprocessing = 0;
		};
		C61A7AAA2CC029AC00CF1A4B /* Frameworks */ = {
			isa = PBXFrameworksBuildPhase;
			buildActionMask = 2147483647;
			files = (
			);
			runOnlyForDeploymentPostprocessing = 0;
		};
		C61A7AB42CC029AC00CF1A4B /* Frameworks */ = {
			isa = PBXFrameworksBuildPhase;
			buildActionMask = 2147483647;
			files = (
			);
			runOnlyForDeploymentPostprocessing = 0;
		};
/* End PBXFrameworksBuildPhase section */

/* Begin PBXGroup section */
		056D70C4F1833118D73DA2F1 /* Frameworks */ = {
			isa = PBXGroup;
			children = (
				53C755A942146E70AD73D364 /* Pods_TaskGit.framework */,
			);
			name = Frameworks;
			sourceTree = "<group>";
		};
		44053F9011B83BC7467F89C1 /* Pods */ = {
			isa = PBXGroup;
			children = (
				9B3B758479BC3CC7C9DAADBD /* Pods-TaskGit.debug.xcconfig */,
				1D246868CDD00C348F2E15B7 /* Pods-TaskGit.release.xcconfig */,
			);
			path = Pods;
			sourceTree = "<group>";
		};
		C61A7A8E2CC029A800CF1A4B = {
			isa = PBXGroup;
			children = (
				C61A7A992CC029A900CF1A4B /* TaskGit */,
				C61A7AB02CC029AC00CF1A4B /* TaskGitTests */,
				C61A7ABA2CC029AC00CF1A4B /* TaskGitUITests */,
				C61A7A982CC029A900CF1A4B /* Products */,
				44053F9011B83BC7467F89C1 /* Pods */,
				056D70C4F1833118D73DA2F1 /* Frameworks */,
			);
			sourceTree = "<group>";
		};
		C61A7A982CC029A900CF1A4B /* Products */ = {
			isa = PBXGroup;
			children = (
				C61A7A972CC029A900CF1A4B /* TaskGit.app */,
				C61A7AAD2CC029AC00CF1A4B /* TaskGitTests.xctest */,
				C61A7AB72CC029AC00CF1A4B /* TaskGitUITests.xctest */,
			);
			name = Products;
			sourceTree = "<group>";
		};
		C61A7A992CC029A900CF1A4B /* TaskGit */ = {
			isa = PBXGroup;
			children = (
				C61A7BC82CC0D0A500CF1A4B /* Common */,
				C61A7B862CC0D0A500CF1A4B /* Features */,
				C61A7ACA2CC02D1700CF1A4B /* AppStartup */,
				C61A7AA32CC029AB00CF1A4B /* Assets.xcassets */,
				C61A7AA82CC029AB00CF1A4B /* Info.plist */,
			);
			path = TaskGit;
			sourceTree = "<group>";
		};
		C61A7AB02CC029AC00CF1A4B /* TaskGitTests */ = {
			isa = PBXGroup;
			children = (
				C61A7AB12CC029AC00CF1A4B /* TaskGitTests.swift */,
			);
			path = TaskGitTests;
			sourceTree = "<group>";
		};
		C61A7ABA2CC029AC00CF1A4B /* TaskGitUITests */ = {
			isa = PBXGroup;
			children = (
				C61A7ABB2CC029AC00CF1A4B /* TaskGitUITests.swift */,
				C61A7ABD2CC029AC00CF1A4B /* TaskGitUITestsLaunchTests.swift */,
			);
			path = TaskGitUITests;
			sourceTree = "<group>";
		};
		C61A7ACA2CC02D1700CF1A4B /* AppStartup */ = {
			isa = PBXGroup;
			children = (
				C61A7AA52CC029AB00CF1A4B /* LaunchScreen.storyboard */,
				C61A7A9A2CC029A900CF1A4B /* AppDelegate.swift */,
				C61A7B842CC04E4D00CF1A4B /* AppStartup.swift */,
				C61A7A9C2CC029A900CF1A4B /* SceneDelegate.swift */,
			);
			path = AppStartup;
			sourceTree = "<group>";
		};
		C61A7B862CC0D0A500CF1A4B /* Features */ = {
			isa = PBXGroup;
			children = (
				C61A7B872CC0D0A500CF1A4B /* DTO */,
				C61A7B8B2CC0D0A500CF1A4B /* UI */,
				C61A7BB72CC0D0A500CF1A4B /* Services */,
			);
			name = Features;
			path = "../../../../Downloads/RepositoryFinder-master/Repository Finder/Repository Finder/Features";
			sourceTree = "<group>";
		};
		C61A7B872CC0D0A500CF1A4B /* DTO */ = {
			isa = PBXGroup;
			children = (
				C61A7B882CC0D0A500CF1A4B /* RepoListDTO.swift */,
				C61A7B892CC0D0A500CF1A4B /* ForkListDTO.swift */,
			);
			path = DTO;
			sourceTree = "<group>";
		};
		C61A7B8B2CC0D0A500CF1A4B /* UI */ = {
			isa = PBXGroup;
			children = (
				C61A7B8C2CC0D0A500CF1A4B /* RepoList */,
				C61A7BA32CC0D0A500CF1A4B /* ForksList */,
				C61A7BB52CC0D0A500CF1A4B /* Main.storyboard */,
			);
			path = UI;
			sourceTree = "<group>";
		};
		C61A7B8C2CC0D0A500CF1A4B /* RepoList */ = {
			isa = PBXGroup;
			children = (
				C61A7B8D2CC0D0A500CF1A4B /* Core */,
				C61A7B9F2CC0D0A500CF1A4B /* Builder */,
				C61A7BA12CC0D0A500CF1A4B /* Router */,
			);
			path = RepoList;
			sourceTree = "<group>";
		};
		C61A7B8D2CC0D0A500CF1A4B /* Core */ = {
			isa = PBXGroup;
			children = (
				C61A7B8E2CC0D0A500CF1A4B /* Presenter */,
				C61A7B902CC0D0A500CF1A4B /* Entiity */,
				C61A7B942CC0D0A500CF1A4B /* View */,
				C61A7B9B2CC0D0A500CF1A4B /* Protocols */,
				C61A7B9D2CC0D0A500CF1A4B /* Interactor */,
			);
			path = Core;
			sourceTree = "<group>";
		};
		C61A7B8E2CC0D0A500CF1A4B /* Presenter */ = {
			isa = PBXGroup;
			children = (
				C61A7B8F2CC0D0A500CF1A4B /* RepoListPresenter.swift */,
			);
			path = Presenter;
			sourceTree = "<group>";
		};
		C61A7B902CC0D0A500CF1A4B /* Entiity */ = {
			isa = PBXGroup;
			children = (
				C61A7B912CC0D0A500CF1A4B /* RepoListType.swift */,
				C61A7B922CC0D0A500CF1A4B /* Repository.swift */,
				C61A7B932CC0D0A500CF1A4B /* Owner.swift */,
			);
			path = Entiity;
			sourceTree = "<group>";
		};
		C61A7B942CC0D0A500CF1A4B /* View */ = {
			isa = PBXGroup;
			children = (
				C61A7B952CC0D0A500CF1A4B /* ViewControllers */,
				C61A7B972CC0D0A500CF1A4B /* Views */,
			);
			path = View;
			sourceTree = "<group>";
		};
		C61A7B952CC0D0A500CF1A4B /* ViewControllers */ = {
			isa = PBXGroup;
			children = (
				C61A7B962CC0D0A500CF1A4B /* RepoListViewController.swift */,
			);
			path = ViewControllers;
			sourceTree = "<group>";
		};
		C61A7B972CC0D0A500CF1A4B /* Views */ = {
			isa = PBXGroup;
			children = (
				C61A7B982CC0D0A500CF1A4B /* RepoListView */,
			);
			path = Views;
			sourceTree = "<group>";
		};
		C61A7B982CC0D0A500CF1A4B /* RepoListView */ = {
			isa = PBXGroup;
			children = (
				C61A7B992CC0D0A500CF1A4B /* RepoListTableViewCell.xib */,
				C61A7B9A2CC0D0A500CF1A4B /* RepoListTableViewCell.swift */,
			);
			path = RepoListView;
			sourceTree = "<group>";
		};
		C61A7B9B2CC0D0A500CF1A4B /* Protocols */ = {
			isa = PBXGroup;
			children = (
				C61A7B9C2CC0D0A500CF1A4B /* RepoListViperProtocols.swift */,
			);
			path = Protocols;
			sourceTree = "<group>";
		};
		C61A7B9D2CC0D0A500CF1A4B /* Interactor */ = {
			isa = PBXGroup;
			children = (
				C61A7B9E2CC0D0A500CF1A4B /* RepoListInteractor.swift */,
			);
			path = Interactor;
			sourceTree = "<group>";
		};
		C61A7B9F2CC0D0A500CF1A4B /* Builder */ = {
			isa = PBXGroup;
			children = (
				C61A7BA02CC0D0A500CF1A4B /* RepoListBuilder.swift */,
			);
			path = Builder;
			sourceTree = "<group>";
		};
		C61A7BA12CC0D0A500CF1A4B /* Router */ = {
			isa = PBXGroup;
			children = (
				C61A7BA22CC0D0A500CF1A4B /* RepoListRouter.swift */,
			);
			path = Router;
			sourceTree = "<group>";
		};
		C61A7BA32CC0D0A500CF1A4B /* ForksList */ = {
			isa = PBXGroup;
			children = (
				C61A7BA42CC0D0A500CF1A4B /* Core */,
				C61A7BB12CC0D0A500CF1A4B /* Builder */,
				C61A7BB32CC0D0A500CF1A4B /* Router */,
			);
			path = ForksList;
			sourceTree = "<group>";
		};
		C61A7BA42CC0D0A500CF1A4B /* Core */ = {
			isa = PBXGroup;
			children = (
				C61A7BA52CC0D0A500CF1A4B /* Presenter */,
				C61A7BA72CC0D0A500CF1A4B /* Protocol */,
				C61A7BA92CC0D0A500CF1A4B /* View */,
				C61A7BAF2CC0D0A500CF1A4B /* Interactor */,
			);
			path = Core;
			sourceTree = "<group>";
		};
		C61A7BA52CC0D0A500CF1A4B /* Presenter */ = {
			isa = PBXGroup;
			children = (
				C61A7BA62CC0D0A500CF1A4B /* ForkListPresenter.swift */,
			);
			path = Presenter;
			sourceTree = "<group>";
		};
		C61A7BA72CC0D0A500CF1A4B /* Protocol */ = {
			isa = PBXGroup;
			children = (
				C61A7BA82CC0D0A500CF1A4B /* ForkListProtocol.swift */,
			);
			path = Protocol;
			sourceTree = "<group>";
		};
		C61A7BA92CC0D0A500CF1A4B /* View */ = {
			isa = PBXGroup;
			children = (
				C61A7BAA2CC0D0A500CF1A4B /* ViewControllers */,
				C61A7BAC2CC0D0A500CF1A4B /* Views */,
			);
			path = View;
			sourceTree = "<group>";
		};
		C61A7BAA2CC0D0A500CF1A4B /* ViewControllers */ = {
			isa = PBXGroup;
			children = (
				C61A7BAB2CC0D0A500CF1A4B /* ForkListViewController.swift */,
			);
			path = ViewControllers;
			sourceTree = "<group>";
		};
		C61A7BAC2CC0D0A500CF1A4B /* Views */ = {
			isa = PBXGroup;
			children = (
				C61A7BAD2CC0D0A500CF1A4B /* ForkListTableViewCell.swift */,
				C61A7BAE2CC0D0A500CF1A4B /* ForkListTableViewCell.xib */,
			);
			path = Views;
			sourceTree = "<group>";
		};
		C61A7BAF2CC0D0A500CF1A4B /* Interactor */ = {
			isa = PBXGroup;
			children = (
				C61A7BB02CC0D0A500CF1A4B /* ForkListInteractor.swift */,
			);
			path = Interactor;
			sourceTree = "<group>";
		};
		C61A7BB12CC0D0A500CF1A4B /* Builder */ = {
			isa = PBXGroup;
			children = (
				C61A7BB22CC0D0A500CF1A4B /* ForksListBuilder.swift */,
			);
			path = Builder;
			sourceTree = "<group>";
		};
		C61A7BB32CC0D0A500CF1A4B /* Router */ = {
			isa = PBXGroup;
			children = (
				C61A7BB42CC0D0A500CF1A4B /* ForkListRouter.swift */,
			);
			path = Router;
			sourceTree = "<group>";
		};
		C61A7BB72CC0D0A500CF1A4B /* Services */ = {
			isa = PBXGroup;
			children = (
				C61A7BB82CC0D0A500CF1A4B /* ServicesResult.swift */,
				C61A7BBE2CC0D0A500CF1A4B /* ForkListServices */,
				C61A7BC32CC0D0A500CF1A4B /* RepoListServices */,
			);
			path = Services;
			sourceTree = "<group>";
		};
		C61A7BBE2CC0D0A500CF1A4B /* ForkListServices */ = {
			isa = PBXGroup;
			children = (
				C61A7BBF2CC0D0A500CF1A4B /* Contract */,
				C61A7BC12CC0D0A500CF1A4B /* Service */,
			);
			path = ForkListServices;
			sourceTree = "<group>";
		};
		C61A7BBF2CC0D0A500CF1A4B /* Contract */ = {
			isa = PBXGroup;
			children = (
				C61A7BC02CC0D0A500CF1A4B /* ForkListServices.swift */,
			);
			path = Contract;
			sourceTree = "<group>";
		};
		C61A7BC12CC0D0A500CF1A4B /* Service */ = {
			isa = PBXGroup;
			children = (
				C61A7BC22CC0D0A500CF1A4B /* ForkListServicesImp.swift */,
			);
			path = Service;
			sourceTree = "<group>";
		};
		C61A7BC32CC0D0A500CF1A4B /* RepoListServices */ = {
			isa = PBXGroup;
			children = (
				C61A7BC42CC0D0A500CF1A4B /* Contract */,
				C61A7BC62CC0D0A500CF1A4B /* Service */,
			);
			path = RepoListServices;
			sourceTree = "<group>";
		};
		C61A7BC42CC0D0A500CF1A4B /* Contract */ = {
			isa = PBXGroup;
			children = (
				C61A7BC52CC0D0A500CF1A4B /* RepoListServices.swift */,
			);
			path = Contract;
			sourceTree = "<group>";
		};
		C61A7BC62CC0D0A500CF1A4B /* Service */ = {
			isa = PBXGroup;
			children = (
				C61A7BC72CC0D0A500CF1A4B /* RepoListServiceImp.swift */,
			);
			path = Service;
			sourceTree = "<group>";
		};
		C61A7BC82CC0D0A500CF1A4B /* Common */ = {
			isa = PBXGroup;
			children = (
				C61A7BC92CC0D0A500CF1A4B /* UI */,
				C61A7BD32CC0D0A500CF1A4B /* Networking */,
				C61A7BFD2CC0D0A600CF1A4B /* Extensions */,
				C61A7C0A2CC0D0A600CF1A4B /* Shared Resource */,
			);
			path = Common;
			sourceTree = "<group>";
		};
		C61A7BC92CC0D0A500CF1A4B /* UI */ = {
			isa = PBXGroup;
			children = (
				C61A7BCA2CC0D0A500CF1A4B /* ShowmoreCell */,
				C61A7BCD2CC0D0A500CF1A4B /* SearchView */,
				C61A7BD02CC0D0A500CF1A4B /* NothingFoundView */,
			);
			path = UI;
			sourceTree = "<group>";
		};
		C61A7BCA2CC0D0A500CF1A4B /* ShowmoreCell */ = {
			isa = PBXGroup;
			children = (
				C61A7BCB2CC0D0A500CF1A4B /* ShowMoreTableViewCell.xib */,
				C61A7BCC2CC0D0A500CF1A4B /* ShowMoreTableViewCell.swift */,
			);
			path = ShowmoreCell;
			sourceTree = "<group>";
		};
		C61A7BCD2CC0D0A500CF1A4B /* SearchView */ = {
			isa = PBXGroup;
			children = (
				C61A7BCE2CC0D0A500CF1A4B /* SearchView.swift */,
				C61A7BCF2CC0D0A500CF1A4B /* SearchView.xib */,
			);
			path = SearchView;
			sourceTree = "<group>";
		};
		C61A7BD02CC0D0A500CF1A4B /* NothingFoundView */ = {
			isa = PBXGroup;
			children = (
				C61A7BD12CC0D0A500CF1A4B /* NothingFoundView.xib */,
				C61A7BD22CC0D0A500CF1A4B /* NothingFoundView.swift */,
			);
			path = NothingFoundView;
			sourceTree = "<group>";
		};
		C61A7BD32CC0D0A500CF1A4B /* Networking */ = {
			isa = PBXGroup;
			children = (
				C61A7BD42CC0D0A600CF1A4B /* EndpointProvider */,
				C61A7BEA2CC0D0A600CF1A4B /* Contracts */,
				C61A7BEF2CC0D0A600CF1A4B /* Models */,
				C61A7BF82CC0D0A600CF1A4B /* Extensions */,
				C61A7BFB2CC0D0A600CF1A4B /* Manager */,
			);
			path = Networking;
			sourceTree = "<group>";
		};
		C61A7BD42CC0D0A600CF1A4B /* EndpointProvider */ = {
			isa = PBXGroup;
			children = (
				C61A7BDA2CC0D0A600CF1A4B /* RepoListEndpointProvider */,
				C61A7BE32CC0D0A600CF1A4B /* ForkListEndpointProvider */,
			);
			path = EndpointProvider;
			sourceTree = "<group>";
		};
		C61A7BDA2CC0D0A600CF1A4B /* RepoListEndpointProvider */ = {
			isa = PBXGroup;
			children = (
				C61A7BDB2CC0D0A600CF1A4B /* EnpoindProvider */,
				C61A7BDE2CC0D0A600CF1A4B /* Response */,
				C61A7BE02CC0D0A600CF1A4B /* Request */,
			);
			path = RepoListEndpointProvider;
			sourceTree = "<group>";
		};
		C61A7BDB2CC0D0A600CF1A4B /* EnpoindProvider */ = {
			isa = PBXGroup;
			children = (
				C61A7BDC2CC0D0A600CF1A4B /* RepoListSearchEndpointProvider.swift */,
				C61A7BDD2CC0D0A600CF1A4B /* RepoListUserEndProvider.swift */,
			);
			path = EnpoindProvider;
			sourceTree = "<group>";
		};
		C61A7BDE2CC0D0A600CF1A4B /* Response */ = {
			isa = PBXGroup;
			children = (
				C61A7BDF2CC0D0A600CF1A4B /* RepoListResponse.swift */,
			);
			path = Response;
			sourceTree = "<group>";
		};
		C61A7BE02CC0D0A600CF1A4B /* Request */ = {
			isa = PBXGroup;
			children = (
				C61A7BE12CC0D0A600CF1A4B /* RepoListUserRequest.swift */,
				C61A7BE22CC0D0A600CF1A4B /* RepoListSearchRequest.swift */,
			);
			path = Request;
			sourceTree = "<group>";
		};
		C61A7BE32CC0D0A600CF1A4B /* ForkListEndpointProvider */ = {
			isa = PBXGroup;
			children = (
				C61A7BE42CC0D0A600CF1A4B /* EndpointProvider */,
				C61A7BE62CC0D0A600CF1A4B /* Response */,
				C61A7BE82CC0D0A600CF1A4B /* Request */,
			);
			path = ForkListEndpointProvider;
			sourceTree = "<group>";
		};
		C61A7BE42CC0D0A600CF1A4B /* EndpointProvider */ = {
			isa = PBXGroup;
			children = (
				C61A7BE52CC0D0A600CF1A4B /* ForkListEndpointProvider.swift */,
			);
			path = EndpointProvider;
			sourceTree = "<group>";
		};
		C61A7BE62CC0D0A600CF1A4B /* Response */ = {
			isa = PBXGroup;
			children = (
				C61A7BE72CC0D0A600CF1A4B /* ForkListResponse.swift */,
			);
			path = Response;
			sourceTree = "<group>";
		};
		C61A7BE82CC0D0A600CF1A4B /* Request */ = {
			isa = PBXGroup;
			children = (
				C61A7BE92CC0D0A600CF1A4B /* ForkListRequest.swift */,
			);
			path = Request;
			sourceTree = "<group>";
		};
		C61A7BEA2CC0D0A600CF1A4B /* Contracts */ = {
			isa = PBXGroup;
			children = (
				C61A7BEB2CC0D0A600CF1A4B /* EndpointProvider.swift */,
				C61A7BEC2CC0D0A600CF1A4B /* EmptyDTO.swift */,
				C61A7BED2CC0D0A600CF1A4B /* NetworkManager.swift */,
				C61A7BEE2CC0D0A600CF1A4B /* DTO.swift */,
			);
			path = Contracts;
			sourceTree = "<group>";
		};
		C61A7BEF2CC0D0A600CF1A4B /* Models */ = {
			isa = PBXGroup;
			children = (
				C61A7BF02CC0D0A600CF1A4B /* BaseURL.swift */,
				C61A7BF12CC0D0A600CF1A4B /* Result.swift */,
				C61A7BF22CC0D0A600CF1A4B /* HTTPMethods.swift */,
				C61A7BF32CC0D0A600CF1A4B /* NetworkResult.swift */,
				C61A7BF42CC0D0A600CF1A4B /* API.swift */,
				C61A7BF52CC0D0A600CF1A4B /* NetworkError.swift */,
				C61A7BF62CC0D0A600CF1A4B /* RequestError.swift */,
				C61A7BF72CC0D0A600CF1A4B /* Endpoint.swift */,
			);
			path = Models;
			sourceTree = "<group>";
		};
		C61A7BF82CC0D0A600CF1A4B /* Extensions */ = {
			isa = PBXGroup;
			children = (
				C61A7BF92CC0D0A600CF1A4B /* BaseURL+RepositoryFinder.swift */,
				C61A7BFA2CC0D0A600CF1A4B /* API+RepositoryFinder.swift */,
			);
			path = Extensions;
			sourceTree = "<group>";
		};
		C61A7BFB2CC0D0A600CF1A4B /* Manager */ = {
			isa = PBXGroup;
			children = (
				C61A7BFC2CC0D0A600CF1A4B /* AlamofireManager.swift */,
			);
			path = Manager;
			sourceTree = "<group>";
		};
		C61A7BFD2CC0D0A600CF1A4B /* Extensions */ = {
			isa = PBXGroup;
			children = (
				C61A7BFE2CC0D0A600CF1A4B /* Int+Extensions.swift */,
				C61A7BFF2CC0D0A600CF1A4B /* UIImageView+Extensions.swift */,
				C61A7C002CC0D0A600CF1A4B /* UIViewController+Extensions.swift */,
				C61A7C012CC0D0A600CF1A4B /* UIView+Extensions.swift */,
				C61A7C022CC0D0A600CF1A4B /* String+Extensions.swift */,
				C61A7C032CC0D0A600CF1A4B /* UINavigationViewController+Extensions.swift */,
				C61A7C042CC0D0A600CF1A4B /* UIColor+Extensions.swift */,
				C61A7C052CC0D0A600CF1A4B /* Encodable+Extensions.swift */,
				C61A7C062CC0D0A600CF1A4B /* UITableView+Extensions.swift */,
				C61A7C072CC0D0A600CF1A4B /* Storyboard+Extensions.swift */,
				C61A7C082CC0D0A600CF1A4B /* Double+Extensions.swift */,
				C61A7C092CC0D0A600CF1A4B /* UITextField+Extensions.swift */,
			);
			path = Extensions;
			sourceTree = "<group>";
		};
		C61A7C0A2CC0D0A600CF1A4B /* Shared Resource */ = {
			isa = PBXGroup;
			children = (
				C61A7C0B2CC0D0A600CF1A4B /* Constants.swift */,
				C61A7C0C2CC0D0A600CF1A4B /* Utils.swift */,
			);
			path = "Shared Resource";
			sourceTree = "<group>";
		};
/* End PBXGroup section */

/* Begin PBXNativeTarget section */
		C61A7A962CC029A900CF1A4B /* TaskGit */ = {
			isa = PBXNativeTarget;
			buildConfigurationList = C61A7AC12CC029AC00CF1A4B /* Build configuration list for PBXNativeTarget "TaskGit" */;
			buildPhases = (
				48170A0DBBE2DE8AF412ABA4 /* [CP] Check Pods Manifest.lock */,
				C61A7A932CC029A900CF1A4B /* Sources */,
				C61A7A942CC029A900CF1A4B /* Frameworks */,
				C61A7A952CC029A900CF1A4B /* Resources */,
				4981E436D99E7F34704FA684 /* [CP] Embed Pods Frameworks */,
			);
			buildRules = (
			);
			dependencies = (
			);
			name = TaskGit;
			productName = TaskGit;
			productReference = C61A7A972CC029A900CF1A4B /* TaskGit.app */;
			productType = "com.apple.product-type.application";
		};
		C61A7AAC2CC029AC00CF1A4B /* TaskGitTests */ = {
			isa = PBXNativeTarget;
			buildConfigurationList = C61A7AC42CC029AC00CF1A4B /* Build configuration list for PBXNativeTarget "TaskGitTests" */;
			buildPhases = (
				C61A7AA92CC029AC00CF1A4B /* Sources */,
				C61A7AAA2CC029AC00CF1A4B /* Frameworks */,
				C61A7AAB2CC029AC00CF1A4B /* Resources */,
			);
			buildRules = (
			);
			dependencies = (
				C61A7AAF2CC029AC00CF1A4B /* PBXTargetDependency */,
			);
			name = TaskGitTests;
			productName = TaskGitTests;
			productReference = C61A7AAD2CC029AC00CF1A4B /* TaskGitTests.xctest */;
			productType = "com.apple.product-type.bundle.unit-test";
		};
		C61A7AB62CC029AC00CF1A4B /* TaskGitUITests */ = {
			isa = PBXNativeTarget;
			buildConfigurationList = C61A7AC72CC029AC00CF1A4B /* Build configuration list for PBXNativeTarget "TaskGitUITests" */;
			buildPhases = (
				C61A7AB32CC029AC00CF1A4B /* Sources */,
				C61A7AB42CC029AC00CF1A4B /* Frameworks */,
				C61A7AB52CC029AC00CF1A4B /* Resources */,
			);
			buildRules = (
			);
			dependencies = (
				C61A7AB92CC029AC00CF1A4B /* PBXTargetDependency */,
			);
			name = TaskGitUITests;
			productName = TaskGitUITests;
			productReference = C61A7AB72CC029AC00CF1A4B /* TaskGitUITests.xctest */;
			productType = "com.apple.product-type.bundle.ui-testing";
		};
/* End PBXNativeTarget section */

/* Begin PBXProject section */
		C61A7A8F2CC029A800CF1A4B /* Project object */ = {
			isa = PBXProject;
			attributes = {
				BuildIndependentTargetsInParallel = 1;
				LastSwiftUpdateCheck = 1500;
				LastUpgradeCheck = 1500;
				TargetAttributes = {
					C61A7A962CC029A900CF1A4B = {
						CreatedOnToolsVersion = 15.0.1;
					};
					C61A7AAC2CC029AC00CF1A4B = {
						CreatedOnToolsVersion = 15.0.1;
						TestTargetID = C61A7A962CC029A900CF1A4B;
					};
					C61A7AB62CC029AC00CF1A4B = {
						CreatedOnToolsVersion = 15.0.1;
						TestTargetID = C61A7A962CC029A900CF1A4B;
					};
				};
			};
			buildConfigurationList = C61A7A922CC029A800CF1A4B /* Build configuration list for PBXProject "TaskGit" */;
			compatibilityVersion = "Xcode 14.0";
			developmentRegion = en;
			hasScannedForEncodings = 0;
			knownRegions = (
				en,
				Base,
			);
			mainGroup = C61A7A8E2CC029A800CF1A4B;
			productRefGroup = C61A7A982CC029A900CF1A4B /* Products */;
			projectDirPath = "";
			projectRoot = "";
			targets = (
				C61A7A962CC029A900CF1A4B /* TaskGit */,
				C61A7AAC2CC029AC00CF1A4B /* TaskGitTests */,
				C61A7AB62CC029AC00CF1A4B /* TaskGitUITests */,
			);
		};
/* End PBXProject section */

/* Begin PBXResourcesBuildPhase section */
		C61A7A952CC029A900CF1A4B /* Resources */ = {
			isa = PBXResourcesBuildPhase;
			buildActionMask = 2147483647;
			files = (
				C61A7AA72CC029AB00CF1A4B /* LaunchScreen.storyboard in Resources */,
				C61A7C2E2CC0D0A600CF1A4B /* SearchView.xib in Resources */,
				C61A7C2B2CC0D0A600CF1A4B /* ShowMoreTableViewCell.xib in Resources */,
				C61A7C2F2CC0D0A600CF1A4B /* NothingFoundView.xib in Resources */,
				C61A7C232CC0D0A600CF1A4B /* Main.storyboard in Resources */,
				C61A7AA42CC029AB00CF1A4B /* Assets.xcassets in Resources */,
				C61A7C152CC0D0A600CF1A4B /* RepoListTableViewCell.xib in Resources */,
				C61A7C1F2CC0D0A600CF1A4B /* ForkListTableViewCell.xib in Resources */,
			);
			runOnlyForDeploymentPostprocessing = 0;
		};
		C61A7AAB2CC029AC00CF1A4B /* Resources */ = {
			isa = PBXResourcesBuildPhase;
			buildActionMask = 2147483647;
			files = (
			);
			runOnlyForDeploymentPostprocessing = 0;
		};
		C61A7AB52CC029AC00CF1A4B /* Resources */ = {
			isa = PBXResourcesBuildPhase;
			buildActionMask = 2147483647;
			files = (
			);
			runOnlyForDeploymentPostprocessing = 0;
		};
/* End PBXResourcesBuildPhase section */

/* Begin PBXShellScriptBuildPhase section */
		48170A0DBBE2DE8AF412ABA4 /* [CP] Check Pods Manifest.lock */ = {
			isa = PBXShellScriptBuildPhase;
			buildActionMask = 2147483647;
			files = (
			);
			inputFileListPaths = (
			);
			inputPaths = (
				"${PODS_PODFILE_DIR_PATH}/Podfile.lock",
				"${PODS_ROOT}/Manifest.lock",
			);
			name = "[CP] Check Pods Manifest.lock";
			outputFileListPaths = (
			);
			outputPaths = (
				"$(DERIVED_FILE_DIR)/Pods-TaskGit-checkManifestLockResult.txt",
			);
			runOnlyForDeploymentPostprocessing = 0;
			shellPath = /bin/sh;
			shellScript = "diff \"${PODS_PODFILE_DIR_PATH}/Podfile.lock\" \"${PODS_ROOT}/Manifest.lock\" > /dev/null\nif [ $? != 0 ] ; then\n    # print error to STDERR\n    echo \"error: The sandbox is not in sync with the Podfile.lock. Run 'pod install' or update your CocoaPods installation.\" >&2\n    exit 1\nfi\n# This output is used by Xcode 'outputs' to avoid re-running this script phase.\necho \"SUCCESS\" > \"${SCRIPT_OUTPUT_FILE_0}\"\n";
			showEnvVarsInLog = 0;
		};
		4981E436D99E7F34704FA684 /* [CP] Embed Pods Frameworks */ = {
			isa = PBXShellScriptBuildPhase;
			buildActionMask = 2147483647;
			files = (
			);
			inputFileListPaths = (
				"${PODS_ROOT}/Target Support Files/Pods-TaskGit/Pods-TaskGit-frameworks-${CONFIGURATION}-input-files.xcfilelist",
			);
			name = "[CP] Embed Pods Frameworks";
			outputFileListPaths = (
				"${PODS_ROOT}/Target Support Files/Pods-TaskGit/Pods-TaskGit-frameworks-${CONFIGURATION}-output-files.xcfilelist",
			);
			runOnlyForDeploymentPostprocessing = 0;
			shellPath = /bin/sh;
			shellScript = "\"${PODS_ROOT}/Target Support Files/Pods-TaskGit/Pods-TaskGit-frameworks.sh\"\n";
			showEnvVarsInLog = 0;
		};
/* End PBXShellScriptBuildPhase section */

/* Begin PBXSourcesBuildPhase section */
		C61A7A932CC029A900CF1A4B /* Sources */ = {
			isa = PBXSourcesBuildPhase;
			buildActionMask = 2147483647;
			files = (
				C61A7C3D2CC0D0A600CF1A4B /* NetworkManager.swift in Sources */,
				C61A7C342CC0D0A600CF1A4B /* RepoListUserEndProvider.swift in Sources */,
				C61A7C282CC0D0A600CF1A4B /* ForkListServicesImp.swift in Sources */,
				C61A7C2C2CC0D0A600CF1A4B /* ShowMoreTableViewCell.swift in Sources */,
				C61A7C142CC0D0A600CF1A4B /* RepoListViewController.swift in Sources */,
				C61A7C352CC0D0A600CF1A4B /* RepoListResponse.swift in Sources */,
				C61A7C332CC0D0A600CF1A4B /* RepoListSearchEndpointProvider.swift in Sources */,
				C61A7C222CC0D0A600CF1A4B /* ForkListRouter.swift in Sources */,
				C61A7C452CC0D0A600CF1A4B /* RequestError.swift in Sources */,
				C61A7C462CC0D0A600CF1A4B /* Endpoint.swift in Sources */,
				C61A7C3C2CC0D0A600CF1A4B /* EmptyDTO.swift in Sources */,
				C61A7C562CC0D0A600CF1A4B /* Constants.swift in Sources */,
				C61A7C1C2CC0D0A600CF1A4B /* ForkListProtocol.swift in Sources */,
				C61A7C0E2CC0D0A600CF1A4B /* ForkListDTO.swift in Sources */,
				C61A7C4F2CC0D0A600CF1A4B /* UINavigationViewController+Extensions.swift in Sources */,
				C61A7C502CC0D0A600CF1A4B /* UIColor+Extensions.swift in Sources */,
				C61A7C1A2CC0D0A600CF1A4B /* RepoListRouter.swift in Sources */,
				C61A7C182CC0D0A600CF1A4B /* RepoListInteractor.swift in Sources */,
				C61A7C422CC0D0A600CF1A4B /* NetworkResult.swift in Sources */,
				C61A7C472CC0D0A600CF1A4B /* BaseURL+RepositoryFinder.swift in Sources */,
				C61A7C522CC0D0A600CF1A4B /* UITableView+Extensions.swift in Sources */,
				C61A7C212CC0D0A600CF1A4B /* ForksListBuilder.swift in Sources */,
				C61A7C112CC0D0A600CF1A4B /* RepoListType.swift in Sources */,
				C61A7C362CC0D0A600CF1A4B /* RepoListUserRequest.swift in Sources */,
				C61A7C4E2CC0D0A600CF1A4B /* String+Extensions.swift in Sources */,
				C61A7C532CC0D0A600CF1A4B /* Storyboard+Extensions.swift in Sources */,
				C61A7C382CC0D0A600CF1A4B /* ForkListEndpointProvider.swift in Sources */,
				C61A7C1B2CC0D0A600CF1A4B /* ForkListPresenter.swift in Sources */,
				C61A7C412CC0D0A600CF1A4B /* HTTPMethods.swift in Sources */,
				C61A7C2A2CC0D0A600CF1A4B /* RepoListServiceImp.swift in Sources */,
				C61A7C162CC0D0A600CF1A4B /* RepoListTableViewCell.swift in Sources */,
				C61A7C482CC0D0A600CF1A4B /* API+RepositoryFinder.swift in Sources */,
				C61A7C4D2CC0D0A600CF1A4B /* UIView+Extensions.swift in Sources */,
				C61A7C242CC0D0A600CF1A4B /* ServicesResult.swift in Sources */,
				C61A7C4B2CC0D0A600CF1A4B /* UIImageView+Extensions.swift in Sources */,
				C61A7C1D2CC0D0A600CF1A4B /* ForkListViewController.swift in Sources */,
				C61A7C202CC0D0A600CF1A4B /* ForkListInteractor.swift in Sources */,
				C61A7C292CC0D0A600CF1A4B /* RepoListServices.swift in Sources */,
				C61A7C132CC0D0A600CF1A4B /* Owner.swift in Sources */,
				C61A7C1E2CC0D0A600CF1A4B /* ForkListTableViewCell.swift in Sources */,
				C61A7C272CC0D0A600CF1A4B /* ForkListServices.swift in Sources */,
				C61A7C4C2CC0D0A600CF1A4B /* UIViewController+Extensions.swift in Sources */,
				C61A7A9B2CC029A900CF1A4B /* AppDelegate.swift in Sources */,
				C61A7C3B2CC0D0A600CF1A4B /* EndpointProvider.swift in Sources */,
				C61A7C572CC0D0A600CF1A4B /* Utils.swift in Sources */,
				C61A7C432CC0D0A600CF1A4B /* API.swift in Sources */,
				C61A7C4A2CC0D0A600CF1A4B /* Int+Extensions.swift in Sources */,
				C61A7C102CC0D0A600CF1A4B /* RepoListPresenter.swift in Sources */,
				C61A7C0D2CC0D0A600CF1A4B /* RepoListDTO.swift in Sources */,
				C61A7A9D2CC029A900CF1A4B /* SceneDelegate.swift in Sources */,
				C61A7B852CC04E4D00CF1A4B /* AppStartup.swift in Sources */,
				C61A7C3A2CC0D0A600CF1A4B /* ForkListRequest.swift in Sources */,
				C61A7C3F2CC0D0A600CF1A4B /* BaseURL.swift in Sources */,
				C61A7C442CC0D0A600CF1A4B /* NetworkError.swift in Sources */,
				C61A7C2D2CC0D0A600CF1A4B /* SearchView.swift in Sources */,
				C61A7C302CC0D0A600CF1A4B /* NothingFoundView.swift in Sources */,
				C61A7C122CC0D0A600CF1A4B /* Repository.swift in Sources */,
				C61A7C3E2CC0D0A600CF1A4B /* DTO.swift in Sources */,
				C61A7C192CC0D0A600CF1A4B /* RepoListBuilder.swift in Sources */,
				C61A7C492CC0D0A600CF1A4B /* AlamofireManager.swift in Sources */,
				C61A7C552CC0D0A600CF1A4B /* UITextField+Extensions.swift in Sources */,
				C61A7C512CC0D0A600CF1A4B /* Encodable+Extensions.swift in Sources */,
				C61A7C172CC0D0A600CF1A4B /* RepoListViperProtocols.swift in Sources */,
				C61A7C402CC0D0A600CF1A4B /* Result.swift in Sources */,
				C61A7C542CC0D0A600CF1A4B /* Double+Extensions.swift in Sources */,
				C61A7C392CC0D0A600CF1A4B /* ForkListResponse.swift in Sources */,
				C61A7C372CC0D0A600CF1A4B /* RepoListSearchRequest.swift in Sources */,
			);
			runOnlyForDeploymentPostprocessing = 0;
		};
		C61A7AA92CC029AC00CF1A4B /* Sources */ = {
			isa = PBXSourcesBuildPhase;
			buildActionMask = 2147483647;
			files = (
				C61A7AB22CC029AC00CF1A4B /* TaskGitTests.swift in Sources */,
			);
			runOnlyForDeploymentPostprocessing = 0;
		};
		C61A7AB32CC029AC00CF1A4B /* Sources */ = {
			isa = PBXSourcesBuildPhase;
			buildActionMask = 2147483647;
			files = (
				C61A7ABE2CC029AC00CF1A4B /* TaskGitUITestsLaunchTests.swift in Sources */,
				C61A7ABC2CC029AC00CF1A4B /* TaskGitUITests.swift in Sources */,
			);
			runOnlyForDeploymentPostprocessing = 0;
		};
/* End PBXSourcesBuildPhase section */

/* Begin PBXTargetDependency section */
		C61A7AAF2CC029AC00CF1A4B /* PBXTargetDependency */ = {
			isa = PBXTargetDependency;
			target = C61A7A962CC029A900CF1A4B /* TaskGit */;
			targetProxy = C61A7AAE2CC029AC00CF1A4B /* PBXContainerItemProxy */;
		};
		C61A7AB92CC029AC00CF1A4B /* PBXTargetDependency */ = {
			isa = PBXTargetDependency;
			target = C61A7A962CC029A900CF1A4B /* TaskGit */;
			targetProxy = C61A7AB82CC029AC00CF1A4B /* PBXContainerItemProxy */;
		};
/* End PBXTargetDependency section */

/* Begin PBXVariantGroup section */
		C61A7AA52CC029AB00CF1A4B /* LaunchScreen.storyboard */ = {
			isa = PBXVariantGroup;
			children = (
				C61A7AA62CC029AB00CF1A4B /* Base */,
			);
			name = LaunchScreen.storyboard;
			sourceTree = "<group>";
		};
		C61A7BB52CC0D0A500CF1A4B /* Main.storyboard */ = {
			isa = PBXVariantGroup;
			children = (
				C61A7BB62CC0D0A500CF1A4B /* Base */,
			);
			name = Main.storyboard;
			sourceTree = "<group>";
		};
/* End PBXVariantGroup section */

/* Begin XCBuildConfiguration section */
		C61A7ABF2CC029AC00CF1A4B /* Debug */ = {
			isa = XCBuildConfiguration;
			buildSettings = {
				ALWAYS_SEARCH_USER_PATHS = NO;
				ASSETCATALOG_COMPILER_GENERATE_SWIFT_ASSET_SYMBOL_EXTENSIONS = YES;
				CLANG_ANALYZER_NONNULL = YES;
				CLANG_ANALYZER_NUMBER_OBJECT_CONVERSION = YES_AGGRESSIVE;
				CLANG_CXX_LANGUAGE_STANDARD = "gnu++20";
				CLANG_ENABLE_MODULES = YES;
				CLANG_ENABLE_OBJC_ARC = YES;
				CLANG_ENABLE_OBJC_WEAK = YES;
				CLANG_WARN_BLOCK_CAPTURE_AUTORELEASING = YES;
				CLANG_WARN_BOOL_CONVERSION = YES;
				CLANG_WARN_COMMA = YES;
				CLANG_WARN_CONSTANT_CONVERSION = YES;
				CLANG_WARN_DEPRECATED_OBJC_IMPLEMENTATIONS = YES;
				CLANG_WARN_DIRECT_OBJC_ISA_USAGE = YES_ERROR;
				CLANG_WARN_DOCUMENTATION_COMMENTS = YES;
				CLANG_WARN_EMPTY_BODY = YES;
				CLANG_WARN_ENUM_CONVERSION = YES;
				CLANG_WARN_INFINITE_RECURSION = YES;
				CLANG_WARN_INT_CONVERSION = YES;
				CLANG_WARN_NON_LITERAL_NULL_CONVERSION = YES;
				CLANG_WARN_OBJC_IMPLICIT_RETAIN_SELF = YES;
				CLANG_WARN_OBJC_LITERAL_CONVERSION = YES;
				CLANG_WARN_OBJC_ROOT_CLASS = YES_ERROR;
				CLANG_WARN_QUOTED_INCLUDE_IN_FRAMEWORK_HEADER = YES;
				CLANG_WARN_RANGE_LOOP_ANALYSIS = YES;
				CLANG_WARN_STRICT_PROTOTYPES = YES;
				CLANG_WARN_SUSPICIOUS_MOVE = YES;
				CLANG_WARN_UNGUARDED_AVAILABILITY = YES_AGGRESSIVE;
				CLANG_WARN_UNREACHABLE_CODE = YES;
				CLANG_WARN__DUPLICATE_METHOD_MATCH = YES;
				COPY_PHASE_STRIP = NO;
				DEBUG_INFORMATION_FORMAT = dwarf;
				ENABLE_STRICT_OBJC_MSGSEND = YES;
				ENABLE_TESTABILITY = YES;
				ENABLE_USER_SCRIPT_SANDBOXING = YES;
				GCC_C_LANGUAGE_STANDARD = gnu17;
				GCC_DYNAMIC_NO_PIC = NO;
				GCC_NO_COMMON_BLOCKS = YES;
				GCC_OPTIMIZATION_LEVEL = 0;
				GCC_PREPROCESSOR_DEFINITIONS = (
					"DEBUG=1",
					"$(inherited)",
				);
				GCC_WARN_64_TO_32_BIT_CONVERSION = YES;
				GCC_WARN_ABOUT_RETURN_TYPE = YES_ERROR;
				GCC_WARN_UNDECLARED_SELECTOR = YES;
				GCC_WARN_UNINITIALIZED_AUTOS = YES_AGGRESSIVE;
				GCC_WARN_UNUSED_FUNCTION = YES;
				GCC_WARN_UNUSED_VARIABLE = YES;
				IPHONEOS_DEPLOYMENT_TARGET = 17.0;
				LOCALIZATION_PREFERS_STRING_CATALOGS = YES;
				MTL_ENABLE_DEBUG_INFO = INCLUDE_SOURCE;
				MTL_FAST_MATH = YES;
				ONLY_ACTIVE_ARCH = YES;
				SDKROOT = iphoneos;
				SWIFT_ACTIVE_COMPILATION_CONDITIONS = "DEBUG $(inherited)";
				SWIFT_OPTIMIZATION_LEVEL = "-Onone";
			};
			name = Debug;
		};
		C61A7AC02CC029AC00CF1A4B /* Release */ = {
			isa = XCBuildConfiguration;
			buildSettings = {
				ALWAYS_SEARCH_USER_PATHS = NO;
				ASSETCATALOG_COMPILER_GENERATE_SWIFT_ASSET_SYMBOL_EXTENSIONS = YES;
				CLANG_ANALYZER_NONNULL = YES;
				CLANG_ANALYZER_NUMBER_OBJECT_CONVERSION = YES_AGGRESSIVE;
				CLANG_CXX_LANGUAGE_STANDARD = "gnu++20";
				CLANG_ENABLE_MODULES = YES;
				CLANG_ENABLE_OBJC_ARC = YES;
				CLANG_ENABLE_OBJC_WEAK = YES;
				CLANG_WARN_BLOCK_CAPTURE_AUTORELEASING = YES;
				CLANG_WARN_BOOL_CONVERSION = YES;
				CLANG_WARN_COMMA = YES;
				CLANG_WARN_CONSTANT_CONVERSION = YES;
				CLANG_WARN_DEPRECATED_OBJC_IMPLEMENTATIONS = YES;
				CLANG_WARN_DIRECT_OBJC_ISA_USAGE = YES_ERROR;
				CLANG_WARN_DOCUMENTATION_COMMENTS = YES;
				CLANG_WARN_EMPTY_BODY = YES;
				CLANG_WARN_ENUM_CONVERSION = YES;
				CLANG_WARN_INFINITE_RECURSION = YES;
				CLANG_WARN_INT_CONVERSION = YES;
				CLANG_WARN_NON_LITERAL_NULL_CONVERSION = YES;
				CLANG_WARN_OBJC_IMPLICIT_RETAIN_SELF = YES;
				CLANG_WARN_OBJC_LITERAL_CONVERSION = YES;
				CLANG_WARN_OBJC_ROOT_CLASS = YES_ERROR;
				CLANG_WARN_QUOTED_INCLUDE_IN_FRAMEWORK_HEADER = YES;
				CLANG_WARN_RANGE_LOOP_ANALYSIS = YES;
				CLANG_WARN_STRICT_PROTOTYPES = YES;
				CLANG_WARN_SUSPICIOUS_MOVE = YES;
				CLANG_WARN_UNGUARDED_AVAILABILITY = YES_AGGRESSIVE;
				CLANG_WARN_UNREACHABLE_CODE = YES;
				CLANG_WARN__DUPLICATE_METHOD_MATCH = YES;
				COPY_PHASE_STRIP = NO;
				DEBUG_INFORMATION_FORMAT = "dwarf-with-dsym";
				ENABLE_NS_ASSERTIONS = NO;
				ENABLE_STRICT_OBJC_MSGSEND = YES;
				ENABLE_USER_SCRIPT_SANDBOXING = YES;
				GCC_C_LANGUAGE_STANDARD = gnu17;
				GCC_NO_COMMON_BLOCKS = YES;
				GCC_WARN_64_TO_32_BIT_CONVERSION = YES;
				GCC_WARN_ABOUT_RETURN_TYPE = YES_ERROR;
				GCC_WARN_UNDECLARED_SELECTOR = YES;
				GCC_WARN_UNINITIALIZED_AUTOS = YES_AGGRESSIVE;
				GCC_WARN_UNUSED_FUNCTION = YES;
				GCC_WARN_UNUSED_VARIABLE = YES;
				IPHONEOS_DEPLOYMENT_TARGET = 17.0;
				LOCALIZATION_PREFERS_STRING_CATALOGS = YES;
				MTL_ENABLE_DEBUG_INFO = NO;
				MTL_FAST_MATH = YES;
				SDKROOT = iphoneos;
				SWIFT_COMPILATION_MODE = wholemodule;
				VALIDATE_PRODUCT = YES;
			};
			name = Release;
		};
		C61A7AC22CC029AC00CF1A4B /* Debug */ = {
			isa = XCBuildConfiguration;
			baseConfigurationReference = 9B3B758479BC3CC7C9DAADBD /* Pods-TaskGit.debug.xcconfig */;
			buildSettings = {
				ASSETCATALOG_COMPILER_APPICON_NAME = AppIcon;
				ASSETCATALOG_COMPILER_GLOBAL_ACCENT_COLOR_NAME = AccentColor;
				CODE_SIGN_STYLE = Automatic;
				CURRENT_PROJECT_VERSION = 1;
				DEVELOPMENT_TEAM = W3LF34V6H4;
				ENABLE_USER_SCRIPT_SANDBOXING = NO;
				GENERATE_INFOPLIST_FILE = YES;
				INFOPLIST_FILE = TaskGit/Info.plist;
				INFOPLIST_KEY_UIApplicationSupportsIndirectInputEvents = YES;
				INFOPLIST_KEY_UILaunchStoryboardName = LaunchScreen;
				INFOPLIST_KEY_UIMainStoryboardFile = Main;
				INFOPLIST_KEY_UISupportedInterfaceOrientations_iPad = "UIInterfaceOrientationPortrait UIInterfaceOrientationPortraitUpsideDown UIInterfaceOrientationLandscapeLeft UIInterfaceOrientationLandscapeRight";
				INFOPLIST_KEY_UISupportedInterfaceOrientations_iPhone = "UIInterfaceOrientationPortrait UIInterfaceOrientationLandscapeLeft UIInterfaceOrientationLandscapeRight";
				IPHONEOS_DEPLOYMENT_TARGET = 12.0;
				LD_RUNPATH_SEARCH_PATHS = (
					"$(inherited)",
					"@executable_path/Frameworks",
				);
				MARKETING_VERSION = 1.0;
				PRODUCT_BUNDLE_IDENTIFIER = com.app.ai.TaskGit;
				PRODUCT_NAME = "$(TARGET_NAME)";
				SWIFT_EMIT_LOC_STRINGS = YES;
				SWIFT_VERSION = 5.0;
				TARGETED_DEVICE_FAMILY = "1,2";
			};
			name = Debug;
		};
		C61A7AC32CC029AC00CF1A4B /* Release */ = {
			isa = XCBuildConfiguration;
			baseConfigurationReference = 1D246868CDD00C348F2E15B7 /* Pods-TaskGit.release.xcconfig */;
			buildSettings = {
				ASSETCATALOG_COMPILER_APPICON_NAME = AppIcon;
				ASSETCATALOG_COMPILER_GLOBAL_ACCENT_COLOR_NAME = AccentColor;
				CODE_SIGN_STYLE = Automatic;
				CURRENT_PROJECT_VERSION = 1;
				DEVELOPMENT_TEAM = W3LF34V6H4;
				ENABLE_USER_SCRIPT_SANDBOXING = NO;
				GENERATE_INFOPLIST_FILE = YES;
				INFOPLIST_FILE = TaskGit/Info.plist;
				INFOPLIST_KEY_UIApplicationSupportsIndirectInputEvents = YES;
				INFOPLIST_KEY_UILaunchStoryboardName = LaunchScreen;
				INFOPLIST_KEY_UIMainStoryboardFile = Main;
				INFOPLIST_KEY_UISupportedInterfaceOrientations_iPad = "UIInterfaceOrientationPortrait UIInterfaceOrientationPortraitUpsideDown UIInterfaceOrientationLandscapeLeft UIInterfaceOrientationLandscapeRight";
				INFOPLIST_KEY_UISupportedInterfaceOrientations_iPhone = "UIInterfaceOrientationPortrait UIInterfaceOrientationLandscapeLeft UIInterfaceOrientationLandscapeRight";
				IPHONEOS_DEPLOYMENT_TARGET = 12.0;
				LD_RUNPATH_SEARCH_PATHS = (
					"$(inherited)",
					"@executable_path/Frameworks",
				);
				MARKETING_VERSION = 1.0;
				PRODUCT_BUNDLE_IDENTIFIER = com.app.ai.TaskGit;
				PRODUCT_NAME = "$(TARGET_NAME)";
				SWIFT_EMIT_LOC_STRINGS = YES;
				SWIFT_VERSION = 5.0;
				TARGETED_DEVICE_FAMILY = "1,2";
			};
			name = Release;
		};
		C61A7AC52CC029AC00CF1A4B /* Debug */ = {
			isa = XCBuildConfiguration;
			buildSettings = {
				ALWAYS_EMBED_SWIFT_STANDARD_LIBRARIES = YES;
				BUNDLE_LOADER = "$(TEST_HOST)";
				CODE_SIGN_STYLE = Automatic;
				CURRENT_PROJECT_VERSION = 1;
				DEVELOPMENT_TEAM = W3LF34V6H4;
				GENERATE_INFOPLIST_FILE = YES;
				IPHONEOS_DEPLOYMENT_TARGET = 17.0;
				MARKETING_VERSION = 1.0;
				PRODUCT_BUNDLE_IDENTIFIER = com.app.ai.TaskGitTests;
				PRODUCT_NAME = "$(TARGET_NAME)";
				SWIFT_EMIT_LOC_STRINGS = NO;
				SWIFT_VERSION = 5.0;
				TARGETED_DEVICE_FAMILY = "1,2";
				TEST_HOST = "$(BUILT_PRODUCTS_DIR)/TaskGit.app/$(BUNDLE_EXECUTABLE_FOLDER_PATH)/TaskGit";
			};
			name = Debug;
		};
		C61A7AC62CC029AC00CF1A4B /* Release */ = {
			isa = XCBuildConfiguration;
			buildSettings = {
				ALWAYS_EMBED_SWIFT_STANDARD_LIBRARIES = YES;
				BUNDLE_LOADER = "$(TEST_HOST)";
				CODE_SIGN_STYLE = Automatic;
				CURRENT_PROJECT_VERSION = 1;
				DEVELOPMENT_TEAM = W3LF34V6H4;
				GENERATE_INFOPLIST_FILE = YES;
				IPHONEOS_DEPLOYMENT_TARGET = 17.0;
				MARKETING_VERSION = 1.0;
				PRODUCT_BUNDLE_IDENTIFIER = com.app.ai.TaskGitTests;
				PRODUCT_NAME = "$(TARGET_NAME)";
				SWIFT_EMIT_LOC_STRINGS = NO;
				SWIFT_VERSION = 5.0;
				TARGETED_DEVICE_FAMILY = "1,2";
				TEST_HOST = "$(BUILT_PRODUCTS_DIR)/TaskGit.app/$(BUNDLE_EXECUTABLE_FOLDER_PATH)/TaskGit";
			};
			name = Release;
		};
		C61A7AC82CC029AC00CF1A4B /* Debug */ = {
			isa = XCBuildConfiguration;
			buildSettings = {
				ALWAYS_EMBED_SWIFT_STANDARD_LIBRARIES = YES;
				CODE_SIGN_STYLE = Automatic;
				CURRENT_PROJECT_VERSION = 1;
				DEVELOPMENT_TEAM = W3LF34V6H4;
				GENERATE_INFOPLIST_FILE = YES;
				MARKETING_VERSION = 1.0;
				PRODUCT_BUNDLE_IDENTIFIER = com.app.ai.TaskGitUITests;
				PRODUCT_NAME = "$(TARGET_NAME)";
				SWIFT_EMIT_LOC_STRINGS = NO;
				SWIFT_VERSION = 5.0;
				TARGETED_DEVICE_FAMILY = "1,2";
				TEST_TARGET_NAME = TaskGit;
			};
			name = Debug;
		};
		C61A7AC92CC029AC00CF1A4B /* Release */ = {
			isa = XCBuildConfiguration;
			buildSettings = {
				ALWAYS_EMBED_SWIFT_STANDARD_LIBRARIES = YES;
				CODE_SIGN_STYLE = Automatic;
				CURRENT_PROJECT_VERSION = 1;
				DEVELOPMENT_TEAM = W3LF34V6H4;
				GENERATE_INFOPLIST_FILE = YES;
				MARKETING_VERSION = 1.0;
				PRODUCT_BUNDLE_IDENTIFIER = com.app.ai.TaskGitUITests;
				PRODUCT_NAME = "$(TARGET_NAME)";
				SWIFT_EMIT_LOC_STRINGS = NO;
				SWIFT_VERSION = 5.0;
				TARGETED_DEVICE_FAMILY = "1,2";
				TEST_TARGET_NAME = TaskGit;
			};
			name = Release;
		};
/* End XCBuildConfiguration section */

/* Begin XCConfigurationList section */
		C61A7A922CC029A800CF1A4B /* Build configuration list for PBXProject "TaskGit" */ = {
			isa = XCConfigurationList;
			buildConfigurations = (
				C61A7ABF2CC029AC00CF1A4B /* Debug */,
				C61A7AC02CC029AC00CF1A4B /* Release */,
			);
			defaultConfigurationIsVisible = 0;
			defaultConfigurationName = Release;
		};
		C61A7AC12CC029AC00CF1A4B /* Build configuration list for PBXNativeTarget "TaskGit" */ = {
			isa = XCConfigurationList;
			buildConfigurations = (
				C61A7AC22CC029AC00CF1A4B /* Debug */,
				C61A7AC32CC029AC00CF1A4B /* Release */,
			);
			defaultConfigurationIsVisible = 0;
			defaultConfigurationName = Release;
		};
		C61A7AC42CC029AC00CF1A4B /* Build configuration list for PBXNativeTarget "TaskGitTests" */ = {
			isa = XCConfigurationList;
			buildConfigurations = (
				C61A7AC52CC029AC00CF1A4B /* Debug */,
				C61A7AC62CC029AC00CF1A4B /* Release */,
			);
			defaultConfigurationIsVisible = 0;
			defaultConfigurationName = Release;
		};
		C61A7AC72CC029AC00CF1A4B /* Build configuration list for PBXNativeTarget "TaskGitUITests" */ = {
			isa = XCConfigurationList;
			buildConfigurations = (
				C61A7AC82CC029AC00CF1A4B /* Debug */,
				C61A7AC92CC029AC00CF1A4B /* Release */,
			);
			defaultConfigurationIsVisible = 0;
			defaultConfigurationName = Release;
		};
/* End XCConfigurationList section */
	};
	rootObject = C61A7A8F2CC029A800CF1A4B /* Project object */;
}
